
Microsoft Visual Studio Solution File, Format Version 12.00
# Visual Studio Version 17
VisualStudioVersion = 17.5.002.0
MinimumVisualStudioVersion = 10.0.40219.1
Project("{9A19103F-16F7-4668-BE54-9A1E7A4F7556}") = "batch", "batch.csproj", "{30613E8B-9D8A-4EE6-A64D-A5244409B23B}"
EndProject
Global
	GlobalSection(SolutionConfigurationPlatforms) = preSolution
		Debug|Any CPU = Debug|Any CPU
		Release|Any CPU = Release|Any CPU
	EndGlobalSection
	GlobalSection(ProjectConfigurationPlatforms) = postSolution
		{30613E8B-9D8A-4EE6-A64D-A5244409B23B}.Debug|Any CPU.ActiveCfg = Debug|Any CPU
		{30613E8B-9D8A-4EE6-A64D-A5244409B23B}.Debug|Any CPU.Build.0 = Debug|Any CPU
		{30613E8B-9D8A-4EE6-A64D-A5244409B23B}.Release|Any CPU.ActiveCfg = Release|Any CPU
		{30613E8B-9D8A-4EE6-A64D-A5244409B23B}.Release|Any CPU.Build.0 = Release|Any CPU
	EndGlobalSection
	GlobalSection(SolutionProperties) = preSolution
		HideSolutionNode = FALSE
	EndGlobalSection
	GlobalSection(ExtensibilityGlobals) = postSolution
		SolutionGuid = {63F040A9-37B9-4F43-ABC0-56DCAD7570CC}
	EndGlobalSection
EndGlobal
